// !$*UTF8*$!
{
	archiveVersion = 1;
	classes = {
	};
	objectVersion = 77;
	objects = {

/* Begin PBXContainerItemProxy section */
		05AFBF692CFD8A5000C2F468 /* PBXContainerItemProxy */ = {
			isa = PBXContainerItemProxy;
			containerPortal = 05AFBF4A2CFD8A4F00C2F468 /* Project object */;
			proxyType = 1;
			remoteGlobalIDString = 05AFBF512CFD8A4F00C2F468;
			remoteInfo = Team17_SCM;
		};
		05AFBF732CFD8A5000C2F468 /* PBXContainerItemProxy */ = {
			isa = PBXContainerItemProxy;
			containerPortal = 05AFBF4A2CFD8A4F00C2F468 /* Project object */;
			proxyType = 1;
			remoteGlobalIDString = 05AFBF512CFD8A4F00C2F468;
			remoteInfo = Team17_SCM;
		};
/* End PBXContainerItemProxy section */

/* Begin PBXFileReference section */
		05AFBF522CFD8A4F00C2F468 /* Team17_SCM.app */ = {isa = PBXFileReference; explicitFileType = wrapper.application; includeInIndex = 0; path = Team17_SCM.app; sourceTree = BUILT_PRODUCTS_DIR; };
		05AFBF682CFD8A5000C2F468 /* Team17_SCMTests.xctest */ = {isa = PBXFileReference; explicitFileType = wrapper.cfbundle; includeInIndex = 0; path = Team17_SCMTests.xctest; sourceTree = BUILT_PRODUCTS_DIR; };
		05AFBF722CFD8A5000C2F468 /* Team17_SCMUITests.xctest */ = {isa = PBXFileReference; explicitFileType = wrapper.cfbundle; includeInIndex = 0; path = Team17_SCMUITests.xctest; sourceTree = BUILT_PRODUCTS_DIR; };
/* End PBXFileReference section */

/* Begin PBXFileSystemSynchronizedBuildFileExceptionSet section */
		05AFBF7A2CFD8A5000C2F468 /* Exceptions for "Team17_SCM" folder in "Team17_SCM" target */ = {
			isa = PBXFileSystemSynchronizedBuildFileExceptionSet;
			membershipExceptions = (
				Info.plist,
			);
			target = 05AFBF512CFD8A4F00C2F468 /* Team17_SCM */;
		};
/* End PBXFileSystemSynchronizedBuildFileExceptionSet section */

/* Begin PBXFileSystemSynchronizedRootGroup section */
		05AFBF542CFD8A4F00C2F468 /* Team17_SCM */ = {
			isa = PBXFileSystemSynchronizedRootGroup;
			exceptions = (
				05AFBF7A2CFD8A5000C2F468 /* Exceptions for "Team17_SCM" folder in "Team17_SCM" target */,
			);
			path = Team17_SCM;
			sourceTree = "<group>";
		};
		05AFBF6B2CFD8A5000C2F468 /* Team17_SCMTests */ = {
			isa = PBXFileSystemSynchronizedRootGroup;
			path = Team17_SCMTests;
			sourceTree = "<group>";
		};
		05AFBF752CFD8A5000C2F468 /* Team17_SCMUITests */ = {
			isa = PBXFileSystemSynchronizedRootGroup;
			path = Team17_SCMUITests;
			sourceTree = "<group>";
		};
/* End PBXFileSystemSynchronizedRootGroup section */

/* Begin PBXFrameworksBuildPhase section */
		05AFBF4F2CFD8A4F00C2F468 /* Frameworks */ = {
			isa = PBXFrameworksBuildPhase;
			buildActionMask = 2147483647;
			files = (
			);
			runOnlyForDeploymentPostprocessing = 0;
		};
		05AFBF652CFD8A5000C2F468 /* Frameworks */ = {
			isa = PBXFrameworksBuildPhase;
			buildActionMask = 2147483647;
			files = (
			);
			runOnlyForDeploymentPostprocessing = 0;
		};
		05AFBF6F2CFD8A5000C2F468 /* Frameworks */ = {
			isa = PBXFrameworksBuildPhase;
			buildActionMask = 2147483647;
			files = (
			);
			runOnlyForDeploymentPostprocessing = 0;
		};
/* End PBXFrameworksBuildPhase section */

/* Begin PBXGroup section */
		05AFBF492CFD8A4F00C2F468 = {
			isa = PBXGroup;
			children = (
				05AFBF542CFD8A4F00C2F468 /* Team17_SCM */,
				05AFBF6B2CFD8A5000C2F468 /* Team17_SCMTests */,
				05AFBF752CFD8A5000C2F468 /* Team17_SCMUITests */,
				05AFBF532CFD8A4F00C2F468 /* Products */,
			);
			sourceTree = "<group>";
		};
		05AFBF532CFD8A4F00C2F468 /* Products */ = {
			isa = PBXGroup;
			children = (
				05AFBF522CFD8A4F00C2F468 /* Team17_SCM.app */,
				05AFBF682CFD8A5000C2F468 /* Team17_SCMTests.xctest */,
				05AFBF722CFD8A5000C2F468 /* Team17_SCMUITests.xctest */,
			);
			name = Products;
			sourceTree = "<group>";
		};
/* End PBXGroup section */

/* Begin PBXNativeTarget section */
		05AFBF512CFD8A4F00C2F468 /* Team17_SCM */ = {
			isa = PBXNativeTarget;
			buildConfigurationList = 05AFBF7B2CFD8A5000C2F468 /* Build configuration list for PBXNativeTarget "Team17_SCM" */;
			buildPhases = (
				05AFBF4E2CFD8A4F00C2F468 /* Sources */,
				05AFBF4F2CFD8A4F00C2F468 /* Frameworks */,
				05AFBF502CFD8A4F00C2F468 /* Resources */,
			);
			buildRules = (
			);
			dependencies = (
			);
			fileSystemSynchronizedGroups = (
				05AFBF542CFD8A4F00C2F468 /* Team17_SCM */,
			);
			name = Team17_SCM;
			packageProductDependencies = (
			);
			productName = Team17_SCM;
			productReference = 05AFBF522CFD8A4F00C2F468 /* Team17_SCM.app */;
			productType = "com.apple.product-type.application";
		};
		05AFBF672CFD8A5000C2F468 /* Team17_SCMTests */ = {
			isa = PBXNativeTarget;
			buildConfigurationList = 05AFBF802CFD8A5000C2F468 /* Build configuration list for PBXNativeTarget "Team17_SCMTests" */;
			buildPhases = (
				05AFBF642CFD8A5000C2F468 /* Sources */,
				05AFBF652CFD8A5000C2F468 /* Frameworks */,
				05AFBF662CFD8A5000C2F468 /* Resources */,
			);
			buildRules = (
			);
			dependencies = (
				05AFBF6A2CFD8A5000C2F468 /* PBXTargetDependency */,
			);
			fileSystemSynchronizedGroups = (
				05AFBF6B2CFD8A5000C2F468 /* Team17_SCMTests */,
			);
			name = Team17_SCMTests;
			packageProductDependencies = (
			);
			productName = Team17_SCMTests;
			productReference = 05AFBF682CFD8A5000C2F468 /* Team17_SCMTests.xctest */;
			productType = "com.apple.product-type.bundle.unit-test";
		};
		05AFBF712CFD8A5000C2F468 /* Team17_SCMUITests */ = {
			isa = PBXNativeTarget;
			buildConfigurationList = 05AFBF832CFD8A5000C2F468 /* Build configuration list for PBXNativeTarget "Team17_SCMUITests" */;
			buildPhases = (
				05AFBF6E2CFD8A5000C2F468 /* Sources */,
				05AFBF6F2CFD8A5000C2F468 /* Frameworks */,
				05AFBF702CFD8A5000C2F468 /* Resources */,
			);
			buildRules = (
			);
			dependencies = (
				05AFBF742CFD8A5000C2F468 /* PBXTargetDependency */,
			);
			fileSystemSynchronizedGroups = (
				05AFBF752CFD8A5000C2F468 /* Team17_SCMUITests */,
			);
			name = Team17_SCMUITests;
			packageProductDependencies = (
			);
			productName = Team17_SCMUITests;
			productReference = 05AFBF722CFD8A5000C2F468 /* Team17_SCMUITests.xctest */;
			productType = "com.apple.product-type.bundle.ui-testing";
		};
/* End PBXNativeTarget section */

/* Begin PBXProject section */
		05AFBF4A2CFD8A4F00C2F468 /* Project object */ = {
			isa = PBXProject;
			attributes = {
				BuildIndependentTargetsInParallel = 1;
				LastSwiftUpdateCheck = 1610;
				LastUpgradeCheck = 1610;
				TargetAttributes = {
					05AFBF512CFD8A4F00C2F468 = {
						CreatedOnToolsVersion = 16.1;
					};
					05AFBF672CFD8A5000C2F468 = {
						CreatedOnToolsVersion = 16.1;
						TestTargetID = 05AFBF512CFD8A4F00C2F468;
					};
					05AFBF712CFD8A5000C2F468 = {
						CreatedOnToolsVersion = 16.1;
						TestTargetID = 05AFBF512CFD8A4F00C2F468;
					};
				};
			};
			buildConfigurationList = 05AFBF4D2CFD8A4F00C2F468 /* Build configuration list for PBXProject "Team17_SCM" */;
			developmentRegion = en;
			hasScannedForEncodings = 0;
			knownRegions = (
				en,
				Base,
			);
			mainGroup = 05AFBF492CFD8A4F00C2F468;
			minimizedProjectReferenceProxies = 1;
			preferredProjectObjectVersion = 77;
			productRefGroup = 05AFBF532CFD8A4F00C2F468 /* Products */;
			projectDirPath = "";
			projectRoot = "";
			targets = (
				05AFBF512CFD8A4F00C2F468 /* Team17_SCM */,
				05AFBF672CFD8A5000C2F468 /* Team17_SCMTests */,
				05AFBF712CFD8A5000C2F468 /* Team17_SCMUITests */,
			);
		};
/* End PBXProject section */

/* Begin PBXResourcesBuildPhase section */
		05AFBF502CFD8A4F00C2F468 /* Resources */ = {
			isa = PBXResourcesBuildPhase;
			buildActionMask = 2147483647;
			files = (
			);
			runOnlyForDeploymentPostprocessing = 0;
		};
		05AFBF662CFD8A5000C2F468 /* Resources */ = {
			isa = PBXResourcesBuildPhase;
			buildActionMask = 2147483647;
			files = (
			);
			runOnlyForDeploymentPostprocessing = 0;
		};
		05AFBF702CFD8A5000C2F468 /* Resources */ = {
			isa = PBXResourcesBuildPhase;
			buildActionMask = 2147483647;
			files = (
			);
			runOnlyForDeploymentPostprocessing = 0;
		};
/* End PBXResourcesBuildPhase section */

/* Begin PBXSourcesBuildPhase section */
		05AFBF4E2CFD8A4F00C2F468 /* Sources */ = {
			isa = PBXSourcesBuildPhase;
			buildActionMask = 2147483647;
			files = (
			);
			runOnlyForDeploymentPostprocessing = 0;
		};
		05AFBF642CFD8A5000C2F468 /* Sources */ = {
			isa = PBXSourcesBuildPhase;
			buildActionMask = 2147483647;
			files = (
			);
			runOnlyForDeploymentPostprocessing = 0;
		};
		05AFBF6E2CFD8A5000C2F468 /* Sources */ = {
			isa = PBXSourcesBuildPhase;
			buildActionMask = 2147483647;
			files = (
			);
			runOnlyForDeploymentPostprocessing = 0;
		};
/* End PBXSourcesBuildPhase section */

/* Begin PBXTargetDependency section */
		05AFBF6A2CFD8A5000C2F468 /* PBXTargetDependency */ = {
			isa = PBXTargetDependency;
			target = 05AFBF512CFD8A4F00C2F468 /* Team17_SCM */;
			targetProxy = 05AFBF692CFD8A5000C2F468 /* PBXContainerItemProxy */;
		};
		05AFBF742CFD8A5000C2F468 /* PBXTargetDependency */ = {
			isa = PBXTargetDependency;
			target = 05AFBF512CFD8A4F00C2F468 /* Team17_SCM */;
			targetProxy = 05AFBF732CFD8A5000C2F468 /* PBXContainerItemProxy */;
		};
/* End PBXTargetDependency section */

/* Begin XCBuildConfiguration section */
		05AFBF7C2CFD8A5000C2F468 /* Debug */ = {
			isa = XCBuildConfiguration;
			buildSettings = {
				ASSETCATALOG_COMPILER_APPICON_NAME = AppIcon;
				ASSETCATALOG_COMPILER_GLOBAL_ACCENT_COLOR_NAME = AccentColor;
				CODE_SIGN_STYLE = Automatic;
				CURRENT_PROJECT_VERSION = 1;
				DEVELOPMENT_TEAM = MM968H474S;
				GENERATE_INFOPLIST_FILE = YES;
				INFOPLIST_FILE = Team17_SCM/Info.plist;
				INFOPLIST_KEY_UIApplicationSupportsIndirectInputEvents = YES;
				INFOPLIST_KEY_UILaunchStoryboardName = LaunchScreen;
				INFOPLIST_KEY_UIMainStoryboardFile = Main;
				INFOPLIST_KEY_UISupportedInterfaceOrientations_iPad = "UIInterfaceOrientationPortrait UIInterfaceOrientationPortraitUpsideDown UIInterfaceOrientationLandscapeLeft UIInterfaceOrientationLandscapeRight";
				INFOPLIST_KEY_UISupportedInterfaceOrientations_iPhone = "UIInterfaceOrientationPortrait UIInterfaceOrientationLandscapeLeft UIInterfaceOrientationLandscapeRight";
				LD_RUNPATH_SEARCH_PATHS = (
					"$(inherited)",
					"@executable_path/Frameworks",
				);
				MARKETING_VERSION = 1.0;
				PRODUCT_BUNDLE_IDENTIFIER = "com.gu.Team17-SCM";
				PRODUCT_NAME = "$(TARGET_NAME)";
				SWIFT_EMIT_LOC_STRINGS = YES;
				SWIFT_VERSION = 5.0;
				TARGETED_DEVICE_FAMILY = "1,2";
			};
			name = Debug;
		};
		05AFBF7D2CFD8A5000C2F468 /* Release */ = {
			isa = XCBuildConfiguration;
			buildSettings = {
				ASSETCATALOG_COMPILER_APPICON_NAME = AppIcon;
				ASSETCATALOG_COMPILER_GLOBAL_ACCENT_COLOR_NAME = AccentColor;
				CODE_SIGN_STYLE = Automatic;
				CURRENT_PROJECT_VERSION = 1;
				DEVELOPMENT_TEAM = MM968H474S;
				GENERATE_INFOPLIST_FILE = YES;
				INFOPLIST_FILE = Team17_SCM/Info.plist;
				INFOPLIST_KEY_UIApplicationSupportsIndirectInputEvents = YES;
				INFOPLIST_KEY_UILaunchStoryboardName = LaunchScreen;
				INFOPLIST_KEY_UIMainStoryboardFile = Main;
				INFOPLIST_KEY_UISupportedInterfaceOrientations_iPad = "UIInterfaceOrientationPortrait UIInterfaceOrientationPortraitUpsideDown UIInterfaceOrientationLandscapeLeft UIInterfaceOrientationLandscapeRight";
				INFOPLIST_KEY_UISupportedInterfaceOrientations_iPhone = "UIInterfaceOrientationPortrait UIInterfaceOrientationLandscapeLeft UIInterfaceOrientationLandscapeRight";
				LD_RUNPATH_SEARCH_PATHS = (
					"$(inherited)",
					"@executable_path/Frameworks",
				);
				MARKETING_VERSION = 1.0;
				PRODUCT_BUNDLE_IDENTIFIER = "com.gu.Team17-SCM";
				PRODUCT_NAME = "$(TARGET_NAME)";
				SWIFT_EMIT_LOC_STRINGS = YES;
				SWIFT_VERSION = 5.0;
				TARGETED_DEVICE_FAMILY = "1,2";
			};
			name = Release;
		};
		05AFBF7E2CFD8A5000C2F468 /* Debug */ = {
			isa = XCBuildConfiguration;
			buildSettings = {
				ALWAYS_SEARCH_USER_PATHS = NO;
				ASSETCATALOG_COMPILER_GENERATE_SWIFT_ASSET_SYMBOL_EXTENSIONS = YES;
				CLANG_ANALYZER_NONNULL = YES;
				CLANG_ANALYZER_NUMBER_OBJECT_CONVERSION = YES_AGGRESSIVE;
				CLANG_CXX_LANGUAGE_STANDARD = "gnu++20";
				CLANG_ENABLE_MODULES = YES;
				CLANG_ENABLE_OBJC_ARC = YES;
				CLANG_ENABLE_OBJC_WEAK = YES;
				CLANG_WARN_BLOCK_CAPTURE_AUTORELEASING = YES;
				CLANG_WARN_BOOL_CONVERSION = YES;
				CLANG_WARN_COMMA = YES;
				CLANG_WARN_CONSTANT_CONVERSION = YES;
				CLANG_WARN_DEPRECATED_OBJC_IMPLEMENTATIONS = YES;
				CLANG_WARN_DIRECT_OBJC_ISA_USAGE = YES_ERROR;
				CLANG_WARN_DOCUMENTATION_COMMENTS = YES;
				CLANG_WARN_EMPTY_BODY = YES;
				CLANG_WARN_ENUM_CONVERSION = YES;
				CLANG_WARN_INFINITE_RECURSION = YES;
				CLANG_WARN_INT_CONVERSION = YES;
				CLANG_WARN_NON_LITERAL_NULL_CONVERSION = YES;
				CLANG_WARN_OBJC_IMPLICIT_RETAIN_SELF = YES;
				CLANG_WARN_OBJC_LITERAL_CONVERSION = YES;
				CLANG_WARN_OBJC_ROOT_CLASS = YES_ERROR;
				CLANG_WARN_QUOTED_INCLUDE_IN_FRAMEWORK_HEADER = YES;
				CLANG_WARN_RANGE_LOOP_ANALYSIS = YES;
				CLANG_WARN_STRICT_PROTOTYPES = YES;
				CLANG_WARN_SUSPICIOUS_MOVE = YES;
				CLANG_WARN_UNGUARDED_AVAILABILITY = YES_AGGRESSIVE;
				CLANG_WARN_UNREACHABLE_CODE = YES;
				CLANG_WARN__DUPLICATE_METHOD_MATCH = YES;
				COPY_PHASE_STRIP = NO;
				DEBUG_INFORMATION_FORMAT = dwarf;
				ENABLE_STRICT_OBJC_MSGSEND = YES;
				ENABLE_TESTABILITY = YES;
				ENABLE_USER_SCRIPT_SANDBOXING = YES;
				GCC_C_LANGUAGE_STANDARD = gnu17;
				GCC_DYNAMIC_NO_PIC = NO;
				GCC_NO_COMMON_BLOCKS = YES;
				GCC_OPTIMIZATION_LEVEL = 0;
				GCC_PREPROCESSOR_DEFINITIONS = (
					"DEBUG=1",
					"$(inherited)",
				);
				GCC_WARN_64_TO_32_BIT_CONVERSION = YES;
				GCC_WARN_ABOUT_RETURN_TYPE = YES_ERROR;
				GCC_WARN_UNDECLARED_SELECTOR = YES;
				GCC_WARN_UNINITIALIZED_AUTOS = YES_AGGRESSIVE;
				GCC_WARN_UNUSED_FUNCTION = YES;
				GCC_WARN_UNUSED_VARIABLE = YES;
				IPHONEOS_DEPLOYMENT_TARGET = 18.1;
				LOCALIZATION_PREFERS_STRING_CATALOGS = YES;
				MTL_ENABLE_DEBUG_INFO = INCLUDE_SOURCE;
				MTL_FAST_MATH = YES;
				ONLY_ACTIVE_ARCH = YES;
				SDKROOT = iphoneos;
				SWIFT_ACTIVE_COMPILATION_CONDITIONS = "DEBUG $(inherited)";
				SWIFT_OPTIMIZATION_LEVEL = "-Onone";
			};
			name = Debug;
		};
		05AFBF7F2CFD8A5000C2F468 /* Release */ = {
			isa = XCBuildConfiguration;
			buildSettings = {
				ALWAYS_SEARCH_USER_PATHS = NO;
				ASSETCATALOG_COMPILER_GENERATE_SWIFT_ASSET_SYMBOL_EXTENSIONS = YES;
				CLANG_ANALYZER_NONNULL = YES;
				CLANG_ANALYZER_NUMBER_OBJECT_CONVERSION = YES_AGGRESSIVE;
				CLANG_CXX_LANGUAGE_STANDARD = "gnu++20";
				CLANG_ENABLE_MODULES = YES;
				CLANG_ENABLE_OBJC_ARC = YES;
				CLANG_ENABLE_OBJC_WEAK = YES;
				CLANG_WARN_BLOCK_CAPTURE_AUTORELEASING = YES;
				CLANG_WARN_BOOL_CONVERSION = YES;
				CLANG_WARN_COMMA = YES;
				CLANG_WARN_CONSTANT_CONVERSION = YES;
				CLANG_WARN_DEPRECATED_OBJC_IMPLEMENTATIONS = YES;
				CLANG_WARN_DIRECT_OBJC_ISA_USAGE = YES_ERROR;
				CLANG_WARN_DOCUMENTATION_COMMENTS = YES;
				CLANG_WARN_EMPTY_BODY = YES;
				CLANG_WARN_ENUM_CONVERSION = YES;
				CLANG_WARN_INFINITE_RECURSION = YES;
				CLANG_WARN_INT_CONVERSION = YES;
				CLANG_WARN_NON_LITERAL_NULL_CONVERSION = YES;
				CLANG_WARN_OBJC_IMPLICIT_RETAIN_SELF = YES;
				CLANG_WARN_OBJC_LITERAL_CONVERSION = YES;
				CLANG_WARN_OBJC_ROOT_CLASS = YES_ERROR;
				CLANG_WARN_QUOTED_INCLUDE_IN_FRAMEWORK_HEADER = YES;
				CLANG_WARN_RANGE_LOOP_ANALYSIS = YES;
				CLANG_WARN_STRICT_PROTOTYPES = YES;
				CLANG_WARN_SUSPICIOUS_MOVE = YES;
				CLANG_WARN_UNGUARDED_AVAILABILITY = YES_AGGRESSIVE;
				CLANG_WARN_UNREACHABLE_CODE = YES;
				CLANG_WARN__DUPLICATE_METHOD_MATCH = YES;
				COPY_PHASE_STRIP = NO;
				DEBUG_INFORMATION_FORMAT = "dwarf-with-dsym";
				ENABLE_NS_ASSERTIONS = NO;
				ENABLE_STRICT_OBJC_MSGSEND = YES;
				ENABLE_USER_SCRIPT_SANDBOXING = YES;
				GCC_C_LANGUAGE_STANDARD = gnu17;
				GCC_NO_COMMON_BLOCKS = YES;
				GCC_WARN_64_TO_32_BIT_CONVERSION = YES;
				GCC_WARN_ABOUT_RETURN_TYPE = YES_ERROR;
				GCC_WARN_UNDECLARED_SELECTOR = YES;
				GCC_WARN_UNINITIALIZED_AUTOS = YES_AGGRESSIVE;
				GCC_WARN_UNUSED_FUNCTION = YES;
				GCC_WARN_UNUSED_VARIABLE = YES;
				IPHONEOS_DEPLOYMENT_TARGET = 18.1;
				LOCALIZATION_PREFERS_STRING_CATALOGS = YES;
				MTL_ENABLE_DEBUG_INFO = NO;
				MTL_FAST_MATH = YES;
				SDKROOT = iphoneos;
				SWIFT_COMPILATION_MODE = wholemodule;
				VALIDATE_PRODUCT = YES;
			};
			name = Release;
		};
		05AFBF812CFD8A5000C2F468 /* Debug */ = {
			isa = XCBuildConfiguration;
			buildSettings = {
				BUNDLE_LOADER = "$(TEST_HOST)";
				CODE_SIGN_STYLE = Automatic;
				CURRENT_PROJECT_VERSION = 1;
				DEVELOPMENT_TEAM = MM968H474S;
				GENERATE_INFOPLIST_FILE = YES;
				IPHONEOS_DEPLOYMENT_TARGET = 18.1;
				MARKETING_VERSION = 1.0;
				PRODUCT_BUNDLE_IDENTIFIER = "com.gu.Team17-SCMTests";
				PRODUCT_NAME = "$(TARGET_NAME)";
				SWIFT_EMIT_LOC_STRINGS = NO;
				SWIFT_VERSION = 5.0;
				TARGETED_DEVICE_FAMILY = "1,2";
				TEST_HOST = "$(BUILT_PRODUCTS_DIR)/Team17_SCM.app/$(BUNDLE_EXECUTABLE_FOLDER_PATH)/Team17_SCM";
			};
			name = Debug;
		};
		05AFBF822CFD8A5000C2F468 /* Release */ = {
			isa = XCBuildConfiguration;
			buildSettings = {
				BUNDLE_LOADER = "$(TEST_HOST)";
				CODE_SIGN_STYLE = Automatic;
				CURRENT_PROJECT_VERSION = 1;
				DEVELOPMENT_TEAM = MM968H474S;
				GENERATE_INFOPLIST_FILE = YES;
				IPHONEOS_DEPLOYMENT_TARGET = 18.1;
				MARKETING_VERSION = 1.0;
				PRODUCT_BUNDLE_IDENTIFIER = "com.gu.Team17-SCMTests";
				PRODUCT_NAME = "$(TARGET_NAME)";
				SWIFT_EMIT_LOC_STRINGS = NO;
				SWIFT_VERSION = 5.0;
				TARGETED_DEVICE_FAMILY = "1,2";
				TEST_HOST = "$(BUILT_PRODUCTS_DIR)/Team17_SCM.app/$(BUNDLE_EXECUTABLE_FOLDER_PATH)/Team17_SCM";
			};
			name = Release;
		};
		05AFBF842CFD8A5000C2F468 /* Debug */ = {
			isa = XCBuildConfiguration;
			buildSettings = {
				CODE_SIGN_STYLE = Automatic;
				CURRENT_PROJECT_VERSION = 1;
				DEVELOPMENT_TEAM = MM968H474S;
				GENERATE_INFOPLIST_FILE = YES;
				MARKETING_VERSION = 1.0;
				PRODUCT_BUNDLE_IDENTIFIER = "com.gu.Team17-SCMUITests";
				PRODUCT_NAME = "$(TARGET_NAME)";
				SWIFT_EMIT_LOC_STRINGS = NO;
				SWIFT_VERSION = 5.0;
				TARGETED_DEVICE_FAMILY = "1,2";
				TEST_TARGET_NAME = Team17_SCM;
			};
			name = Debug;
		};
		05AFBF852CFD8A5000C2F468 /* Release */ = {
			isa = XCBuildConfiguration;
			buildSettings = {
				CODE_SIGN_STYLE = Automatic;
				CURRENT_PROJECT_VERSION = 1;
				DEVELOPMENT_TEAM = MM968H474S;
				GENERATE_INFOPLIST_FILE = YES;
				MARKETING_VERSION = 1.0;
				PRODUCT_BUNDLE_IDENTIFIER = "com.gu.Team17-SCMUITests";
				PRODUCT_NAME = "$(TARGET_NAME)";
				SWIFT_EMIT_LOC_STRINGS = NO;
				SWIFT_VERSION = 5.0;
				TARGETED_DEVICE_FAMILY = "1,2";
				TEST_TARGET_NAME = Team17_SCM;
			};
			name = Release;
		};
/* End XCBuildConfiguration section */

/* Begin XCConfigurationList section */
		05AFBF4D2CFD8A4F00C2F468 /* Build configuration list for PBXProject "Team17_SCM" */ = {
			isa = XCConfigurationList;
			buildConfigurations = (
				05AFBF7E2CFD8A5000C2F468 /* Debug */,
				05AFBF7F2CFD8A5000C2F468 /* Release */,
			);
			defaultConfigurationIsVisible = 0;
			defaultConfigurationName = Release;
		};
		05AFBF7B2CFD8A5000C2F468 /* Build configuration list for PBXNativeTarget "Team17_SCM" */ = {
			isa = XCConfigurationList;
			buildConfigurations = (
				05AFBF7C2CFD8A5000C2F468 /* Debug */,
				05AFBF7D2CFD8A5000C2F468 /* Release */,
			);
			defaultConfigurationIsVisible = 0;
			defaultConfigurationName = Release;
		};
		05AFBF802CFD8A5000C2F468 /* Build configuration list for PBXNativeTarget "Team17_SCMTests" */ = {
			isa = XCConfigurationList;
			buildConfigurations = (
				05AFBF812CFD8A5000C2F468 /* Debug */,
				05AFBF822CFD8A5000C2F468 /* Release */,
			);
			defaultConfigurationIsVisible = 0;
			defaultConfigurationName = Release;
		};
		05AFBF832CFD8A5000C2F468 /* Build configuration list for PBXNativeTarget "Team17_SCMUITests" */ = {
			isa = XCConfigurationList;
			buildConfigurations = (
				05AFBF842CFD8A5000C2F468 /* Debug */,
				05AFBF852CFD8A5000C2F468 /* Release */,
			);
			defaultConfigurationIsVisible = 0;
			defaultConfigurationName = Release;
		};
/* End XCConfigurationList section */
	};
	rootObject = 05AFBF4A2CFD8A4F00C2F468 /* Project object */;
}
